GEM
  remote: https://rubygems.org/
  specs:
    activesupport (8.1.4)
      base64
      bigdecimal
      concurrent-ruby (~> 1.0, >= 1.3.1)
      connection_pool (>= 2.2.5)
      drb
      i18n (>= 1.6, < 2)
      json
      logger (>= 1.4.2)
      minitest (>= 5.1)
      securerandom (>= 0.3)
      tzinfo (~> 2.0, >= 2.0.5)
      uri (>= 0.13.1)
    addressable (2.9.0)
      public_suffix (>= 2.0.2, < 8.0)
    algolia (2.3.4)
      faraday (>= 0.15, < 3)
      faraday-net_http_persistent (>= 0.15, < 3)
      multi_json (~> 1.0)
      net-http-persistent
    ansi (1.6.0)
    ast (2.4.3)
    base64 (0.3.0)
    bcp47_spec (0.2.1)
    bibtex-ruby (6.2.0)
      latex-decode (~> 0.0)
      logger (~> 1.7)
      racc (~> 1.7)
    bigdecimal (4.1.3)
    builder (3.3.0)
    canon (0.3.73)
      diff-lcs
      json
      leptris (~> 1.9.242)
      moxml (~> 0.5.84)
      paint
      rainbow
      table_tennis
      thor
      unicode-name
      yeptris (~> 0.6.16)
    cnccs (0.1.6)
    concurrent-ruby (1.3.8)
    connection_pool (3.0.2)
    csv (3.3.6)
    date (3.5.1)
    diff-lcs (1.6.2)
    domain_name (0.6.20260921)
    drb (2.2.3)
    ebnf (2.6.0)
      base64 (~> 0.2)
      htmlentities (~> 4.3)
      rdf (~> 3.3)
      scanf (~> 1.0)
      sxp (~> 2.0)
      unicode-types (~> 1.8)
    faraday (2.7.12)
      base64
      faraday-net_http (>= 2.0, < 3.1)
      ruby2_keywords (>= 0.0.4)
    faraday-follow_redirects (0.5.0)
      faraday (>= 1, < 3)
    faraday-net_http (3.0.2)
    faraday-net_http_persistent (2.3.1)
      faraday (~> 2.5)
      net-http-persistent (>= 4.0.4, < 5)
    faraday-retry (2.4.0)
      faraday (~> 2.0)
    ferrum (0.18.0)
      addressable (~> 2.5)
      base64 (~> 0.2)
      concurrent-ruby (~> 1.1)
      websocket-driver (~> 0.7)
    ffi (1.17.4)
    ffi (1.17.4-aarch64-linux-gnu)
    ffi (1.17.4-aarch64-linux-musl)
    ffi (1.17.4-arm-linux-gnu)
    ffi (1.17.4-arm-linux-musl)
    ffi (1.17.4-arm64-darwin)
    ffi (1.17.4-x86-linux-gnu)
    ffi (1.17.4-x86-linux-musl)
    ffi (1.17.4-x86_64-darwin)
    ffi (1.17.4-x86_64-linux-gnu)
    ffi (1.17.4-x86_64-linux-musl)
    fiber-storage (1.0.1)
    fuzzy_match (2.1.0)
    gb-agencies (0.0.7)
    glossarist (2.13.12)
      lutaml-model (~> 0.8.15)
      lutaml-store (~> 0.2.0)
      paint (~> 2.3)
      rdf-turtle (~> 3.3)
      relaton (>= 2.0.0, < 3)
      rubyzip (>= 2.3, < 3)
      shacl (~> 0.4)
      sts (~> 0.5.6)
      table_tennis (~> 0.0)
      tbx (~> 0.1)
      thor
    graphql (2.6.11)
      base64
      fiber-storage
      logger
    graphql-client (0.26.0)
      activesupport (>= 3.0)
      graphql (>= 1.13.0)
    htmlentities (4.4.2)
    http-cookie (1.1.6)
      domain_name (~> 0.5)
    i18n (1.15.2)
      concurrent-ruby (~> 1.0)
    ieee-idams (0.3.0)
      lutaml-model (~> 0.8.0)
      nokogiri
      thor
    io-console (0.9.4)
    iso639 (1.4.0)
    isoics (0.1.13)
    json (3.0.2)
    json-canonicalization (1.0.0)
    json-ld (3.3.2)
      htmlentities (~> 4.3)
      json-canonicalization (~> 1.0)
      link_header (~> 0.0, >= 0.0.8)
      multi_json (~> 1.15)
      rack (>= 2.2, < 4)
      rdf (~> 3.3)
      rexml (~> 3.2)
    latex-decode (0.4.2)
    leptris (1.9.268.0)
      ffi (~> 1.15)
    leptris (1.9.268.0-aarch64-linux)
      ffi (~> 1.15)
    leptris (1.9.268.0-aarch64-linux-musl)
      ffi (~> 1.15)
    leptris (1.9.268.0-arm-linux)
      ffi (~> 1.15)
    leptris (1.9.268.0-arm-linux-musl)
      ffi (~> 1.15)
    leptris (1.9.268.0-arm64-darwin)
      ffi (~> 1.15)
    leptris (1.9.268.0-x86_64-darwin)
      ffi (~> 1.15)
    leptris (1.9.268.0-x86_64-linux)
      ffi (~> 1.15)
    leptris (1.9.268.0-x86_64-linux-musl)
      ffi (~> 1.15)
    lightly (0.4.0)
    link_header (0.0.8)
    liquid (5.14.0)
      bigdecimal
      strscan (>= 3.1.1)
    loc_mods (0.3.0)
      lutaml-model (~> 0.8.0)
      nokogiri
      thor
    logger (1.7.0)
    lutaml-hal (0.2.5)
      faraday (~> 2.0)
      faraday-follow_redirects (~> 0.3)
      lutaml-model
      lutaml-store (~> 0.2)
      rainbow (~> 3.0)
    lutaml-model (0.8.29)
      base64
      bigdecimal
      canon
      concurrent-ruby
      liquid (>= 4.0, < 6.0)
      moxml (~> 0.5.56)
      ostruct
      rubyzip (~> 2.3)
      thor
    lutaml-store (0.2.4)
      lutaml-model (~> 0.8.15)
      rubyzip (>= 2.3, < 4)
    matrix (0.4.3)
    mechanize (2.14.1)
      addressable (~> 2.8)
      base64
      domain_name (~> 0.5, >= 0.5.20190701)
      http-cookie (~> 1.0, >= 1.0.3)
      mime-types (~> 3.3)
      net-http-digest_auth (~> 1.4, >= 1.4.1)
      net-http-persistent (>= 2.5.2, < 5.0.dev)
      nkf
      nokogiri (~> 1.11, >= 1.11.2)
      rubyntlm (~> 0.6, >= 0.6.3)
      webrick (~> 1.7)
      webrobots (~> 0.1.2)
    memo_wise (1.13.0)
    mime-types (3.7.0)
      logger
      mime-types-data (~> 3.2025, >= 3.2025.0507)
    mime-types-data (3.2026.0922)
    mini_portile2 (2.8.9)
    minitest (6.0.6)
      drb (~> 2.0)
      prism (~> 1.5)
    mml (2.4.1)
      lutaml-model (~> 0.8.0)
      moxml
    moxml (0.5.93)
    multi_json (1.15.0)
    net-ftp (0.1.4)
      net-protocol
      time
    net-http-digest_auth (1.4.1)
    net-http-persistent (4.0.8)
      connection_pool (>= 2.2.4, < 4)
    net-protocol (0.4.0)
      timeout
    niso-jats (0.3.5)
      bigdecimal
      lutaml-model (~> 0.8.0)
      oasis-etm
    nkf (0.3.0)
    nokogiri (1.19.4)
      mini_portile2 (~> 2.8.2)
      racc (~> 1.4)
    nokogiri (1.19.4-aarch64-linux-gnu)
      racc (~> 1.4)
    nokogiri (1.19.4-aarch64-linux-musl)
      racc (~> 1.4)
    nokogiri (1.19.4-arm-linux-gnu)
      racc (~> 1.4)
    nokogiri (1.19.4-arm-linux-musl)
      racc (~> 1.4)
    nokogiri (1.19.4-arm64-darwin)
      racc (~> 1.4)
    nokogiri (1.19.4-x86_64-darwin)
      racc (~> 1.4)
    nokogiri (1.19.4-x86_64-linux-gnu)
      racc (~> 1.4)
    nokogiri (1.19.4-x86_64-linux-musl)
      racc (~> 1.4)
    oasis-etm (0.2.1)
      lutaml-model (~> 0.8.0)
    oga (3.5)
      ast
      ruby-ll (~> 2.2)
    omml (0.2.6)
      lutaml-model (>= 0.8.0, < 1.0)
      moxml (>= 0.1.18, < 0.6)
      oga (~> 3.4)
      ox (~> 2.14)
    ostruct (0.6.3)
    ox (2.14.29)
      bigdecimal (>= 3.0)
    paint (2.3.0)
    parallel (1.28.0)
    parslet (2.0.0)
    plurimath (0.11.8)
      bigdecimal
      htmlentities
      lutaml-model (~> 0.8.17)
      mml (~> 2.4.0)
      omml (~> 0.2.5)
      ostruct
      ox
      parslet
      thor
      unitsml (~> 0.6.4)
    prism (1.9.0)
    psych (5.2.6)
      date
      stringio
    pubid (1.15.21)
      pubid-bsi (= 1.15.21)
      pubid-ccsds (= 1.15.21)
      pubid-cen (= 1.15.21)
      pubid-core (= 1.15.21)
      pubid-etsi (= 1.15.21)
      pubid-iec (= 1.15.21)
      pubid-ieee (= 1.15.21)
      pubid-iho (= 1.15.21)
      pubid-iso (= 1.15.21)
      pubid-itu (= 1.15.21)
      pubid-jis (= 1.15.21)
      pubid-nist (= 1.15.21)
      pubid-plateau (= 1.15.21)
    pubid-bsi (1.15.21)
      parslet
      pubid-cen (= 1.15.21)
      pubid-core (= 1.15.21)
      pubid-iec (= 1.15.21)
      pubid-iso (= 1.15.21)
    pubid-ccsds (1.15.21)
      parslet
      pubid-core (= 1.15.21)
    pubid-cen (1.15.21)
      parslet
      pubid-core (= 1.15.21)
      pubid-iec (= 1.15.21)
      pubid-iso (= 1.15.21)
    pubid-core (1.15.21)
      parslet
    pubid-etsi (1.15.21)
      parslet
      pubid-core (= 1.15.21)
    pubid-iec (1.15.21)
      parslet
      pubid-core (= 1.15.21)
    pubid-ieee (1.15.21)
      parslet (~> 2.0.0)
      pubid-iso (= 1.15.21)
    pubid-iho (1.15.21)
      parslet
      pubid-core (= 1.15.21)
    pubid-iso (1.15.21)
      parslet
      pubid-core (= 1.15.21)
    pubid-itu (1.15.21)
      parslet
      pubid-core (= 1.15.21)
    pubid-jis (1.15.21)
      parslet
      pubid-core (= 1.15.21)
    pubid-nist (1.15.21)
      lightly
      nokogiri
      parslet
      pubid-core (= 1.15.21)
      rubyzip
      thor
    pubid-plateau (1.15.21)
      parslet
      pubid-core (= 1.15.21)
    public_suffix (7.0.5)
    racc (1.8.1)
    rack (3.2.7)
    rainbow (3.1.1)
    rdf (3.3.1)
      bcp47_spec (~> 0.2)
      link_header (~> 0.0, >= 0.0.8)
    rdf-aggregate-repo (3.3.0)
      rdf (~> 3.3)
    rdf-turtle (3.3.0)
      ebnf (~> 2.4)
      rdf (~> 3.3)
    rdf-xsd (3.3.0)
      rdf (~> 3.3)
      rexml (~> 3.2)
    readline (0.0.4)
      reline
    relaton (2.1.0)
      relaton-3gpp (~> 2.1.0)
      relaton-bipm (~> 2.1.0)
      relaton-bsi (~> 2.1.0)
      relaton-calconnect (~> 2.1.0)
      relaton-ccsds (~> 2.1.0)
      relaton-cen (~> 2.1.0)
      relaton-cie (~> 2.1.0)
      relaton-doi (~> 2.1.0)
      relaton-ecma (~> 2.1.0)
      relaton-etsi (~> 2.1.0)
      relaton-gb (~> 2.1.0)
      relaton-iana (~> 2.1.0)
      relaton-iec (~> 2.1.0)
      relaton-ieee (~> 2.1.0)
      relaton-ietf (~> 2.1.0)
      relaton-iho (~> 2.1.0)
      relaton-isbn (~> 2.1.0)
      relaton-iso (~> 2.1.0)
      relaton-itu (~> 2.1.0)
      relaton-jis (~> 2.1.0)
      relaton-nist (~> 2.1.0)
      relaton-oasis (~> 2.1.0)
      relaton-ogc (~> 2.1.0)
      relaton-omg (~> 2.1.0)
      relaton-plateau (~> 2.1.0)
      relaton-un (~> 2.1.0)
      relaton-w3c (~> 2.1.0)
      relaton-xsf (~> 2.1.0)
    relaton-3gpp (2.1.4)
      csv
      net-ftp (~> 0.1.0)
      relaton-bib (~> 2.1.0)
      relaton-core (~> 0.0.12)
      relaton-index (~> 0.2.0)
    relaton-bib (2.1.9)
      bibtex-ruby
      iso639
      isoics (~> 0.1.0)
      lutaml-model (~> 0.8.0)
      nokogiri (>= 1.16)
      psych (~> 5.2.0)
      relaton-core (~> 0.0.8)
      relaton-logger (~> 0.2.0)
      rfcxml (~> 0.4.3)
    relaton-bipm (2.1.3)
      faraday (~> 2.7.0)
      mechanize (~> 2.10)
      niso-jats (~> 0.3.4)
      parslet (~> 2.0.0)
      relaton-bib (~> 2.1.0)
      relaton-core (~> 0.0.12)
      relaton-index (~> 0.2.2)
      rubyzip (~> 2.3.0)
    relaton-bsi (2.1.0)
      algolia (~> 2.3.0)
      faraday-net_http_persistent (~> 2.0)
      graphql (~> 2.3)
      graphql-client (~> 0.23)
      relaton-core (~> 0.0.9)
      relaton-iso (~> 2.1.0)
    relaton-calconnect (2.1.2)
      addressable (~> 2.8)
      mechanize (~> 2.10)
      relaton-bib (~> 2.1.0)
      relaton-core (~> 0.0.12)
      relaton-index (~> 0.2.0)
      rubyzip (~> 2.3)
    relaton-ccsds (2.1.2)
      csv (~> 3.3)
      mechanize (~> 2.10)
      pubid-ccsds (~> 1.15.2)
      relaton-bib (~> 2.1.0)
      relaton-core (~> 0.0.9)
      relaton-index (~> 0.2.16)
    relaton-cen (2.1.0)
      isoics (~> 0.1)
      mechanize (~> 2.10)
      relaton-bib (~> 2.1.0)
      relaton-core (~> 0.0.9)
    relaton-cie (2.1.2)
      ferrum (~> 0.17)
      mechanize (~> 2.10)
      parslet (~> 2.0.0)
      relaton-bib (~> 2.1.0)
      relaton-core (~> 0.0.12)
      relaton-index (~> 0.2.0)
    relaton-core (0.0.13)
      nokogiri (>= 1.16)
      psych (~> 5.2.0)
      relaton-logger (~> 0.2.0)
    relaton-doi (2.1.4)
      mechanize (~> 2.0)
      relaton-bib (~> 2.1.9)
      relaton-bipm (~> 2.1.0)
      relaton-ieee (~> 2.1.0)
      relaton-ietf (~> 2.1.0)
      relaton-nist (~> 2.1.0)
    relaton-ecma (2.1.1)
      mechanize (~> 2.10)
      relaton-bib (~> 2.1.0)
      relaton-core (~> 0.0.12)
      relaton-index (~> 0.2.4)
    relaton-etsi (2.1.3)
      mechanize (~> 2.8)
      relaton-bib (~> 2.1.0)
      relaton-core (~> 0.0.13)
      relaton-index (~> 0.2.7)
    relaton-gb (2.1.0)
      cnccs (~> 0.1.1)
      csv (~> 3.0)
      gb-agencies (~> 0.0.1)
      mechanize (~> 2.10)
      relaton-core (~> 0.0.13)
      relaton-iso (~> 2.1.0)
    relaton-iana (2.1.1)
      faraday (~> 2.7.0)
      relaton-bib (~> 2.1.0)
      relaton-core (~> 0.0.13)
      relaton-index (~> 0.2.0)
    relaton-iec (2.1.2)
      addressable
      base64
      pubid-iec (~> 1.15.21)
      relaton-core (~> 0.0.13)
      relaton-index (~> 0.2.20)
      relaton-iso (~> 2.1.0)
      rubyzip
    relaton-ieee (2.1.2)
      faraday (~> 2.7.0)
      ieee-idams (~> 0.3.0)
      mini_portile2 (~> 2.8.0)
      relaton-bib (~> 2.1.0)
      relaton-core (~> 0.0.13)
      relaton-index (~> 0.2.0)
      rubyzip (~> 2.3.0)
    relaton-ietf (2.1.3)
      base64
      parallel (~> 1.26)
      relaton-bib (~> 2.1.0)
      relaton-core (~> 0.0.13)
      relaton-index (~> 0.2.3)
    relaton-iho (2.1.2)
      base64
      pubid-iho (~> 1.15.16)
      relaton-bib (~> 2.1.0)
      relaton-core (~> 0.0.13)
      relaton-index (~> 0.2.0)
    relaton-index (0.2.22)
      pubid-core (~> 1.15.6)
      relaton-logger (~> 0.2.0)
      rubyzip (~> 2.3.0)
    relaton-isbn (2.1.0)
      isoics (~> 0.1.0)
      relaton-bib (~> 2.1.0)
      relaton-core (~> 0.0.13)
    relaton-iso (2.1.6)
      isoics (~> 0.1.6)
      pubid-iso (~> 1.15.20)
      relaton-bib (~> 2.1.0)
      relaton-core (~> 0.0.12)
      relaton-index (~> 0.2.12)
    relaton-itu (2.1.2)
      mechanize (~> 2.10)
      parslet (~> 2.0.0)
      relaton-bib (~> 2.1.0)
      relaton-core (~> 0.0.13)
      relaton-index (~> 0.2.0)
    relaton-jis (2.1.1)
      mechanize (~> 2.10)
      relaton-core (~> 0.0.13)
      relaton-index (~> 0.2.0)
      relaton-iso (~> 2.1.0)
    relaton-logger (0.2.4)
      logger (~> 1.6)
    relaton-nist (2.1.1)
      base64
      loc_mods (~> 0.3.0)
      mechanize (~> 2.0)
      pubid (~> 1.15.6)
      relaton-bib (~> 2.1.0)
      relaton-core (~> 0.0.13)
      relaton-index (~> 0.2.0)
      rubyzip
    relaton-oasis (2.1.2)
      ferrum (~> 0.17)
      mechanize (~> 2.10)
      multi_json (~> 1.15.0)
      relaton-bib (~> 2.1.0)
      relaton-core (~> 0.0.13)
      relaton-index (~> 0.2.0)
    relaton-ogc (2.1.1)
      faraday (~> 2.7)
      relaton-core (~> 0.0.13)
      relaton-index (~> 0.2.0)
      relaton-iso (~> 2.1.0)
    relaton-omg (2.1.0)
      base64
      mechanize (~> 2.8)
      relaton-bib (~> 2.1.0)
      relaton-core (~> 0.0.13)
    relaton-plateau (2.1.1)
      base64
      relaton-core (~> 0.0.13)
      relaton-index (~> 0.2.12)
      relaton-iso (~> 2.1.0)
      relaton-logger (~> 0.2.0)
    relaton-un (2.1.1)
      addressable (~> 2.8)
      faraday (~> 2.7)
      relaton-bib (~> 2.1.0)
      relaton-core (~> 0.0.13)
    relaton-w3c (2.1.4)
      relaton-bib (~> 2.1.0)
      relaton-core (~> 0.0.13)
      relaton-index (~> 0.2.8)
      w3c_api (~> 0.3.2)
    relaton-xsf (2.1.1)
      mechanize (~> 2.10)
      relaton-bib (~> 2.1.0)
      relaton-core (~> 0.0.13)
      relaton-index (~> 0.2.0)
    reline (0.7.0)
      io-console (~> 0.5)
    rexml (3.4.4)
    rfcxml (0.4.5)
      lutaml-model (~> 0.8.0)
      nokogiri
    rspec (3.13.2)
      rspec-core (~> 3.13.0)
      rspec-expectations (~> 3.13.0)
      rspec-mocks (~> 3.13.0)
    rspec-core (3.13.6)
      rspec-support (~> 3.13.0)
    rspec-expectations (3.13.5)
      diff-lcs (>= 1.2.0, < 2.0)
      rspec-support (~> 3.13.0)
    rspec-mocks (3.13.8)
      diff-lcs (>= 1.2.0, < 2.0)
      rspec-support (~> 3.13.0)
    rspec-support (3.13.7)
    ruby-ll (2.2.0)
      ansi
      ast
    ruby2_keywords (0.0.5)
    rubyntlm (0.6.8)
      base64
    rubyzip (2.3.2)
    scanf (1.0.0)
    securerandom (0.4.1)
    shacl (0.4.3)
      json-ld (~> 3.3)
      rdf (~> 3.3)
      sparql (~> 3.3)
      sxp (~> 2.0)
    sparql (3.3.2)
      builder (~> 3.2, >= 3.2.4)
      ebnf (~> 2.5)
      logger (~> 1.5)
      rdf (~> 3.3)
      rdf-aggregate-repo (~> 3.3)
      rdf-xsd (~> 3.3)
      readline (~> 0.0)
      sparql-client (~> 3.3)
      sxp (~> 2.0)
    sparql-client (3.3.0)
      net-http-persistent (~> 4.0, >= 4.0.2)
      rdf (~> 3.3)
    stringio (3.2.0)
    strscan (3.1.8)
    sts (0.5.7)
      bigdecimal
      lutaml-model (~> 0.8.0)
      mml (~> 2.4.0)
    sxp (2.0.0)
      matrix (~> 0.4)
      rdf (~> 3.3)
    table_tennis (0.0.7)
      csv (~> 3.3)
      ffi (~> 1.17)
      memo_wise (~> 1.11)
      paint (~> 2.3)
      unicode-display_width (~> 3.1)
    tbx (0.1.2)
      lutaml-model (~> 0.8.0)
    thor (1.5.0)
    time (0.4.2)
      date
    timeout (0.6.1)
    tzinfo (2.0.6)
      concurrent-ruby (~> 1.0)
    unicode-display_width (3.3.0)
      unicode-emoji (~> 4.3)
    unicode-emoji (4.3.0)
    unicode-name (1.15.1)
      unicode-types (~> 1.12)
    unicode-types (1.12.0)
    unitsdb (2.2.4)
      fuzzy_match
      logger
      lutaml-model (~> 0.8.0)
      rdf (~> 3.1)
      rdf-turtle (~> 3.1)
      rubyzip (~> 2.3)
      table_tennis (~> 0.0.7)
      thor (~> 1.0)
    unitsml (0.6.8)
      htmlentities
      lutaml-model (~> 0.8.0)
      mml (~> 2.4.0)
      ox
      parslet
      unitsdb (~> 2.2.4)
    uri (1.1.1)
    w3c_api (0.3.3)
      faraday
      faraday-follow_redirects
      faraday-retry (~> 2.0)
      lutaml-hal (~> 0.2.1)
      lutaml-model (~> 0.8.0)
      nokogiri
      rainbow
      thor
    webrick (1.9.2)
    webrobots (0.1.2)
    websocket-driver (0.8.2)
      base64
      websocket-extensions (>= 0.1.0)
    websocket-extensions (0.1.5)
    yaml (0.4.0)
    yeptris (0.6.26.2)
      ffi (~> 1.15)
    yeptris (0.6.26.2-aarch64-linux)
      ffi (~> 1.15)
    yeptris (0.6.26.2-aarch64-linux-musl)
      ffi (~> 1.15)
    yeptris (0.6.26.2-arm-linux-eabihf)
      ffi (~> 1.15)
    yeptris (0.6.26.2-arm-linux-musleabihf)
      ffi (~> 1.15)
    yeptris (0.6.26.2-arm64-darwin)
      ffi (~> 1.15)
    yeptris (0.6.26.2-x86_64-darwin)
      ffi (~> 1.15)
    yeptris (0.6.26.2-x86_64-linux)
      ffi (~> 1.15)
    yeptris (0.6.26.2-x86_64-linux-musl)
      ffi (~> 1.15)

PLATFORMS
  aarch64-linux-gnu
  aarch64-linux-musl
  arm-linux-gnu
  arm-linux-musl
  arm64-darwin
  ruby
  x86-linux-gnu
  x86-linux-musl
  x86_64-darwin
  x86_64-linux-gnu
  x86_64-linux-musl

DEPENDENCIES
  glossarist (~> 2.8)
  plurimath (~> 0.11)
  psych (~> 5.2.0)
  rspec (~> 3.13)
  yaml

CHECKSUMS
  activesupport (8.1.4) sha256=891dd3fe43c4fc8391934b237b1189bb1f661c932a84a840043db9d46a4e80df
  addressable (2.9.0) sha256=7fdf6ac3660f7f4e867a0838be3f6cf722ace541dd97767fa42bc6cfa980c7af
  algolia (2.3.4) sha256=9ea5c2c309af01a60b900e3f7b9dc232fa3b018bdd2479bfff7cb8ac1b948c9b
  ansi (1.6.0) sha256=ac9ea0c0ea8d32fb4e271348e609963ac78882f34b73836c2a02b3622e666658
  ast (2.4.3) sha256=954615157c1d6a382bc27d690d973195e79db7f55e9765ac7c481c60bdb4d383
  base64 (0.3.0) sha256=27337aeabad6ffae05c265c450490628ef3ebd4b67be58257393227588f5a97b
  bcp47_spec (0.2.1) sha256=3fd62edf96c126bd9624e4319ac74082a966081859d1ee0ef3c3041640a37810
  bibtex-ruby (6.2.0) sha256=d610eba78d6adf503a843daf144644449fb34e7c3f4a75e9ab67fae5dfd7c69a
  bigdecimal (4.1.3) sha256=61ebe1e5e559bdc3cc6f2c0ee7f427321fc838f59611c294356eb04d6e21cf66
  builder (3.3.0) sha256=497918d2f9dca528fdca4b88d84e4ef4387256d984b8154e9d5d3fe5a9c8835f
  bundler (4.0.14) sha256=d09a0a965cf772266a7e49e83610be7c2f4e49e61134c42a56804bb383cc24b8
  canon (0.3.73) sha256=fd8e74642b09c1765e73612a78eba219a8da586e374e3e4a2cab2a53a73c7377
  cnccs (0.1.6) sha256=01f47296fb351db9f7b66c330eede6336c5a0a895316ff2153b64c24d2e91344
  concurrent-ruby (1.3.8) sha256=b2f1be836e968ccc78ccfce277ea79c72a88633f22306782c16ff23fb415d1e1
  connection_pool (3.0.2) sha256=33fff5ba71a12d2aa26cb72b1db8bba2a1a01823559fb01d29eb74c286e62e0a
  csv (3.3.6) sha256=aba61e7e507a66f03d45cb1f3c4b6359861c3504038b422962875dce099e4456
  date (3.5.1) sha256=750d06384d7b9c15d562c76291407d89e368dda4d4fff957eb94962d325a0dc0
  diff-lcs (1.6.2) sha256=9ae0d2cba7d4df3075fe8cd8602a8604993efc0dfa934cff568969efb1909962
  domain_name (0.6.20260921) sha256=b335949f69fae603fed0ae88c4e09a51e9d8e3ceef4c73a6cfde44eb5c8dee6d
  drb (2.2.3) sha256=0b00d6fdb50995fe4a45dea13663493c841112e4068656854646f418fda13373
  ebnf (2.6.0) sha256=e746a316caa885cc45e243dc33efc194943956760bc9bc13948de1732fbcf63e
  faraday (2.7.12) sha256=ed38dcd396d2defcf8a536bbf7ef45e6385392ab815fe087df46777be3a781a7
  faraday-follow_redirects (0.5.0) sha256=5cde93c894b30943a5d2b93c2fe9284216a6b756f7af406a1e55f211d97d10ad
  faraday-net_http (3.0.2) sha256=6882929abed8094e1ee30344a3369e856fe34530044630d1f652bf70ebd87e8d
  faraday-net_http_persistent (2.3.1) sha256=23ffba37d6a27807a10f033d01918ec958aa73fa6ff0fccfbcd5ce2d2e68fca3
  faraday-retry (2.4.0) sha256=7b79c48fb7e56526faf247b12d94a680071ff40c9fda7cf1ec1549439ad11ebe
  ferrum (0.18.0) sha256=4cb8be16e352fc1d75f087e9214b34ec1b93ba932410c730a4724909ca89d7c6
  ffi (1.17.4) sha256=bcd1642e06f0d16fc9e09ac6d49c3a7298b9789bcb58127302f934e437d60acf
  ffi (1.17.4-aarch64-linux-gnu) sha256=b208f06f91ffd8f5e1193da3cae3d2ccfc27fc36fba577baf698d26d91c080df
  ffi (1.17.4-aarch64-linux-musl) sha256=9286b7a615f2676245283aef0a0a3b475ae3aae2bb5448baace630bb77b91f39
  ffi (1.17.4-arm-linux-gnu) sha256=d6dbddf7cb77bf955411af5f187a65b8cd378cb003c15c05697f5feee1cb1564
  ffi (1.17.4-arm-linux-musl) sha256=9d4838ded0465bef6e2426935f6bcc93134b6616785a84ffd2a3d82bc3cf6f95
  ffi (1.17.4-arm64-darwin) sha256=19071aaf1419251b0a46852abf960e77330a3b334d13a4ab51d58b31a937001b
  ffi (1.17.4-x86-linux-gnu) sha256=38e150df5f4ca555e25beca4090823ae09657bceded154e3c52f8631c1ed72cf
  ffi (1.17.4-x86-linux-musl) sha256=fbeec0fc7c795bcf86f623bb18d31ea1820f7bd580e1703a3d3740d527437809
  ffi (1.17.4-x86_64-darwin) sha256=aa70390523cf3235096cf64962b709b4cfbd5c082a2cb2ae714eb0fe2ccda496
  ffi (1.17.4-x86_64-linux-gnu) sha256=9d3db14c2eae074b382fa9c083fe95aec6e0a1451da249eab096c34002bc752d
  ffi (1.17.4-x86_64-linux-musl) sha256=3fdf9888483de005f8ef8d1cf2d3b20d86626af206cbf780f6a6a12439a9c49e
  fiber-storage (1.0.1) sha256=f48e5b6d8b0be96dac486332b55cee82240057065dc761c1ea692b2e719240e1
  fuzzy_match (2.1.0) sha256=e97e25d0eaee48a5f77ed970d007c7b6ff3c6a6858303fead2d1986859204dfc
  gb-agencies (0.0.7) sha256=6c363d9653fbb03a1e3ea2c3610439e986bee1d53af90ce18f26e8da0b742797
  glossarist (2.13.12) sha256=6a06b36b03c81d8209ac45eeb2275e798680663a45579ddb642186cbc7de8200
  graphql (2.6.11) sha256=9a9cde910e805c4c08fdf8d22bf129e935affc9ca8b4f9b2ec26b4b63666b15d
  graphql-client (0.26.0) sha256=190b122707e0aa4937089229799ed4a6980092ef4cb9d8dc6042d07a85459cf1
  htmlentities (4.4.2) sha256=bbafbdf69f2eca9262be4efef7e43e6a1de54c95eb600f26984f71d2fe96c5c3
  http-cookie (1.1.6) sha256=ba4b82be64de61dc281243dac70e3c382c45142f20268ed9276a3670c93feaa9
  i18n (1.15.2) sha256=00f9eb62412fe593b2a65a97daa75300d37abb8f7202ec748e94b6d46a9dd1b5
  ieee-idams (0.3.0) sha256=a63b76e44f128b5cd6042fdda9d535a83a9a8cbed435192d59b75e3cfd99cbdf
  io-console (0.9.4) sha256=a403304f32928ee85e56d457b4612ca43f2703b561a3258844992bd24085fbb1
  iso639 (1.4.0) sha256=819b2a085a102c146d4f259a4cd520ecf788738ec1e837848527db993857143d
  isoics (0.1.13) sha256=57d3a1e30817e03fe8e2442bf62ec5b17e101bae0eea2c0f507030fe834c7482
  json (3.0.2) sha256=8e6d7e7b11384c21230430cef90b71f14849a34a1f4452796670f7c981bd19df
  json-canonicalization (1.0.0) sha256=d4848a8cca7534455c6721f2d9fc9e5e9adca49486864a898810024f67d59446
  json-ld (3.3.2) sha256=b9531893bf5bdc01db428e96953845a23adb1097125ce918ae0f97c4a6e1ab27
  latex-decode (0.4.2) sha256=e85633406e315e348e0ca6de231dee1bf45a22496b0866059c635f7502c2a592
  leptris (1.9.268.0) sha256=29dba70ac666fce0ce2a6dfeeb89a04f9ee68d3ac31326bb90628b3d5d2ce360
  leptris (1.9.268.0-aarch64-linux) sha256=e2e571787ccfb1b87c5de761089bef6088b9cc9b6b945c61948b2c9b00ce75e2
  leptris (1.9.268.0-aarch64-linux-musl) sha256=47a6882793e6c15e3d805a2447f9cae6c2ec87d4a1e59769882f5ef5ba4cf8d6
  leptris (1.9.268.0-arm-linux) sha256=d9bc411e9fb2cc5c8756ae6a3e51f67e039a5dda3d1ce2f2bd3376c5f65ef936
  leptris (1.9.268.0-arm-linux-musl) sha256=12b89d0c1101edd5a112c08645a9f6a8220389410b96a62d76e1e16b30160200
  leptris (1.9.268.0-arm64-darwin) sha256=52e1e3f8bdf3f61ff56056550845bf17b9fabef18b9629b5120f4e62eb4cbb9f
  leptris (1.9.268.0-x86_64-darwin) sha256=73646a640abe41f81265379590ce82a289fe517260a33791ca1f94449988399e
  leptris (1.9.268.0-x86_64-linux) sha256=fc80ff555d33d5f6a71412786dbceb3a801565cda866b47c583863d96b2fd7e1
  leptris (1.9.268.0-x86_64-linux-musl) sha256=b52a66503a36b04cbde4dc45ac8aa168e7c0a80793d042f1acd17b8056806d3b
  lightly (0.4.0) sha256=587c142b3eec854300e5500e424909243947b13dd800201803944c5803ed677e
  link_header (0.0.8) sha256=15c65ce43b29f739b30d05e5f25c22c23797e89cf6f905dbb595fb4c70cb55f9
  liquid (5.14.0) sha256=e1020c2b2ee58c7a4d3bfdc7a331537bd27a783353748bff0bf27c6ac0c17065
  loc_mods (0.3.0) sha256=b261f560891119815ce735b6ff0f54607d2e6b13721708a3f01789c2f46dc106
  logger (1.7.0) sha256=196edec7cc44b66cfb40f9755ce11b392f21f7967696af15d274dde7edff0203
  lutaml-hal (0.2.5) sha256=978bb1bfb18140161ca213b7921acc8e653da36b4540a17485aa5b1ee6a42bed
  lutaml-model (0.8.29) sha256=560d38a393b8c516b77a5c508fd3c02bd2a5d2aa0a4eaa5f0f2763507b5e8364
  lutaml-store (0.2.4) sha256=878fbb1b2e0bd45e6f9b9134a2139c528435e74b1c452bc057e9aa50f6b402bd
  matrix (0.4.3) sha256=a0d5ab7ddcc1973ff690ab361b67f359acbb16958d1dc072b8b956a286564c5b
  mechanize (2.14.1) sha256=b66205133a01d3dc3bc0cbc5e99888e5476818398d8d315193429f21488abafd
  memo_wise (1.13.0) sha256=30220c38c4cef410849bc73553c58664dc2c91c6379e4a1df22aea02358b716b
  mime-types (3.7.0) sha256=dcebf61c246f08e15a4de34e386ebe8233791e868564a470c3fe77c00eed5e56
  mime-types-data (3.2026.0922) sha256=f49b8cf20f3b9cf3e874791cd9ec96bdd5c1740dfd1a256ce4ea56762f4c58ae
  mini_portile2 (2.8.9) sha256=0cd7c7f824e010c072e33f68bc02d85a00aeb6fce05bb4819c03dfd3c140c289
  minitest (6.0.6) sha256=153ea36d1d987a62942382b61075745042a2b3123b1cd48f4c3675af9cc7d6f1
  mml (2.4.1) sha256=fe40926d5103dc2f56718c3cdc208d663f8c500f46c84a2272c2b5908f7a0e8d
  moxml (0.5.93) sha256=3879d655ac3cf4c719e7226d155e415481412592320d57327fc4fb3e92ea82f8
  multi_json (1.15.0) sha256=1fd04138b6e4a90017e8d1b804c039031399866ff3fbabb7822aea367c78615d
  net-ftp (0.1.4) sha256=454735259262cf5d27dfbdf2a040921bc3070574bb9244b27e503ae749073182
  net-http-digest_auth (1.4.1) sha256=4b8ad50ed8d180a58db5d6c49449b987dd0466fe01e24037945bc007562a08db
  net-http-persistent (4.0.8) sha256=ef3de8319d691537b329053fae3a33195f8b070bbbfae8bf1a58c796081960e6
  net-protocol (0.4.0) sha256=f9f90c8c6f64794a45160bf422177a336db12809de3beeeaa26b88fcd2e8c853
  niso-jats (0.3.5) sha256=f3d5bacf1bfbacae576a77c20125bae0786fa2de78c8ca0d4d518351e1432a6a
  nkf (0.3.0) sha256=357a8dbeba38b727b75930f665146546076a394a1c243faf634ff176e3588895
  nokogiri (1.19.4) sha256=50c951611c92bca05c51411aef45f1cbc50f2821c4802758c5c6d34696533ab5
  nokogiri (1.19.4-aarch64-linux-gnu) sha256=1269fb644a6de405057a53dd5c762b1209b43ca7424f839454d3dbc677c31a8f
  nokogiri (1.19.4-aarch64-linux-musl) sha256=35c65b9ce72b3bb03207bdbe7067915019dc18c1b9b59139684bd6690fdd01af
  nokogiri (1.19.4-arm-linux-gnu) sha256=a301313e38bb065d68239e79734bcd6f56fb6efaacebde29e9abf2a4735340ca
  nokogiri (1.19.4-arm-linux-musl) sha256=588923c101bcfa78869734d247d25b598674323e7f22474fc468f6e5647311eb
  nokogiri (1.19.4-arm64-darwin) sha256=a46db9853286e6597b36ebc6953817d15acf3a299583eb3f89fdc6f91dd63527
  nokogiri (1.19.4-x86_64-darwin) sha256=7fd17057d3e1f00e9954a74b3cd76595d3d4a5ef233b7ed9599047c204f70551
  nokogiri (1.19.4-x86_64-linux-gnu) sha256=379fae440b28915e3f19d752ce2dcf8465ed2b2fbefd2a7ca0dd497bc981a06a
  nokogiri (1.19.4-x86_64-linux-musl) sha256=17dfb7c1fa194ae02fbf7c51a7afc8d278045ab3fdacfd86f91d02d7b274470b
  oasis-etm (0.2.1) sha256=3f66406a341ed48854c8ab6778273323b5a977e208e565246382ddd9662fae38
  oga (3.5) sha256=2b65fe1dd192c01079f93748a04a7a8011369e4c99ea1c7e73f4a037e3229353
  omml (0.2.6) sha256=fe76fe70dafc083305d33e90b3749def7e4afdab4056bdf8d82eee7674325ddc
  ostruct (0.6.3) sha256=95a2ed4a4bd1d190784e666b47b2d3f078e4a9efda2fccf18f84ddc6538ed912
  ox (2.14.29) sha256=206736d5a8dade9dca10cf72022bc157ad6ca3eecaba3853918426ed88e12dc2
  paint (2.3.0) sha256=327d623e4038619d5bd99ae5db07973859cd78400c7f0329eea283cef8e83be5
  parallel (1.28.0) sha256=33e6de1484baf2524792d178b0913fc8eb94c628d6cfe45599ad4458c638c970
  parslet (2.0.0) sha256=d45130695d39b43d7e6a91f4d2ec66b388a8d822bae38de9b4de9a5fbde1f606
  plurimath (0.11.8) sha256=06be1ec6119b662c17b3a648e71429e0787281b03918fe7d5a88e7613a9f1da2
  prism (1.9.0) sha256=7b530c6a9f92c24300014919c9dcbc055bf4cdf51ec30aed099b06cd6674ef85
  psych (5.2.6) sha256=814328aa5dcb6d604d32126a20bc1cbcf05521a5b49dbb1a8b30a07e580f316e
  pubid (1.15.21) sha256=363d0fd74dcff9adcf7db087f164ac7677833d3ee4ccbcbd1a29c14d8884bfdd
  pubid-bsi (1.15.21) sha256=fe9ab08ba27039a155cf395bbdfaae3ccae88d60773b52d4f98af5ad5d916bae
  pubid-ccsds (1.15.21) sha256=41256606c8e16d38694b9395eeb00ef75e6b189e978477aa54f2016a5884e218
  pubid-cen (1.15.21) sha256=8e1b25b6a923d364a13dda2e5a46962c8f69537393e368e44c08aa21ad5f2d52
  pubid-core (1.15.21) sha256=35d64dad4769e71840971baed8e79ce709512f12d43c3dbb97e052fb7f6f3061
  pubid-etsi (1.15.21) sha256=30f53cd9b9376873990bae32df26612918a8badcc3b4c2347521d20a5ba4b377
  pubid-iec (1.15.21) sha256=0109cc8f368e6b6ddf5233b0eb573c4310a4bb8f54006e6fd829985e154bb745
  pubid-ieee (1.15.21) sha256=aad1b3dc9209ee97a038bd10e9c664c1faa25924d2c4a79b89b37c58804df1b4
  pubid-iho (1.15.21) sha256=51e5d5f709bb6ebce485b115f8b27881a983cf6748eca4b120446f464546ab39
  pubid-iso (1.15.21) sha256=666741551192d56dd5284203f26ff6ee066f60ab8542d6d7c966151f6e790bf2
  pubid-itu (1.15.21) sha256=689704bedc5c31d75e918d55d6f25006de822e40002f5ff11c42b6011d609a3f
  pubid-jis (1.15.21) sha256=51c3b4ab56bb4e8770664956fa7ac4bd263b22eefaea52a30f9982e66fc5886a
  pubid-nist (1.15.21) sha256=bb9575d96229e86636567a6ffa12a749ead0b4ddfec035161a0d9cb513bd1a8d
  pubid-plateau (1.15.21) sha256=351a8f9199e868cf7749c5df28208fe359a7d5f72bf708978d48acb862b115d8
  public_suffix (7.0.5) sha256=1a8bb08f1bbea19228d3bed6e5ed908d1cb4f7c2726d18bd9cadf60bc676f623
  racc (1.8.1) sha256=4a7f6929691dbec8b5209a0b373bc2614882b55fc5d2e447a21aaa691303d62f
  rack (3.2.7) sha256=93e13e1c24f93556671d85d2d79fa228c3485815c50d7e2f265b5330c6528fb7
  rainbow (3.1.1) sha256=039491aa3a89f42efa1d6dec2fc4e62ede96eb6acd95e52f1ad581182b79bc6a
  rdf (3.3.1) sha256=dda6a2c95198915fc63d66ee270e35d4a76d431720747a2cf97ecd92062fa150
  rdf-aggregate-repo (3.3.0) sha256=5693ccabf4dbbec7113c95e9aab028311f19d6022764fdebc6327f9d55a9efdc
  rdf-turtle (3.3.0) sha256=10320428670be3510364195e68e365b888c458c4a462cfc8c28cdffccc64f699
  rdf-xsd (3.3.0) sha256=fab51d27b20344237d9b622ef32e83e4c44940840bfc76a245ce6b6abba44772
  readline (0.0.4) sha256=6138eef17be2b98298b672c3ea63bf9cb5158d401324f26e1e84f235879c1d6a
  relaton (2.1.0) sha256=8cff80b10302656a9f808e41e6a34ce86ffc93c44acf7d6d033c1f58e870dd93
  relaton-3gpp (2.1.4) sha256=c8b5f55a9656f74fefee501f6898c67e67303f463a366e902543c0342f6f743b
  relaton-bib (2.1.9) sha256=559c47a88862ef359305b96fc27c994fe58df4912591a816b16318a5ec5f97ce
  relaton-bipm (2.1.3) sha256=dcd6d2bc0a6788da9ca59ddbd8b46c2d25a0eacaf48ecbc1a4d9f819530c6777
  relaton-bsi (2.1.0) sha256=6e830466f4adf50aec39fb6355c3608723cf61d12d22e360ddf5bd9b3f49ae09
  relaton-calconnect (2.1.2) sha256=f9f2b960cbb5471df19dfde38f2ed7c2d8357fe641c9041524e3ab7d860e7e0b
  relaton-ccsds (2.1.2) sha256=7e7622e630523c4b5490193177f9869233f6d0b735fb3df9492cfddb2ca01cff
  relaton-cen (2.1.0) sha256=39b49f91c0b0d20134dc8c3227fa0bf44fe5fec8b7c85d06fee134f7cdc89281
  relaton-cie (2.1.2) sha256=d092bb341a35a86b8b8fd3779d042f613f7fe53358a0c6fac300249da4424907
  relaton-core (0.0.13) sha256=10eef0d4bdff18a9058114ca46323508972b8caed872212992c4f9ced7375881
  relaton-doi (2.1.4) sha256=d9dd546e044b208c8da71e03c2dc0e21d13d201d12b6e1a37918f11563e44356
  relaton-ecma (2.1.1) sha256=5a0e96a046826e7fbd07e16c4fbe366875e66302746fe00c585d8d818dfbd765
  relaton-etsi (2.1.3) sha256=f6f58bb6dbceb277e8c883d46d77292ac5095fd783abbf45ce25967128884385
  relaton-gb (2.1.0) sha256=f56b5bc946b4f4fdb31fd09e383610a3734d23492715fe06cecf5438615e0b24
  relaton-iana (2.1.1) sha256=067d82909ded362e0b45368c31cd7cee17a599057eea726245fd7fed060a685d
  relaton-iec (2.1.2) sha256=a7839df7caeb219380b9258ccbeb117e759eab082d71761f7908c25ed3eef8e0
  relaton-ieee (2.1.2) sha256=89875d0d9e0854c90301b59f2df80f7efbec3c1eeb6358d4bdd2784075eb37d4
  relaton-ietf (2.1.3) sha256=55aaf4941fa21ec0a0ba5a7d5a5c4e6c807c1fc01bdce339030414cc7c5c25d9
  relaton-iho (2.1.2) sha256=89b361fce3147b732373d2633598aaf34867539606f4ce2d5485657dc0c008db
  relaton-index (0.2.22) sha256=21d0e56f2e9eb4204a2034e413033ff0e16f6a72db21c5040fb500a768506dd9
  relaton-isbn (2.1.0) sha256=641a84f081b3b4a73f040c83b48d207004fdfd5b1caadfac6582715536eb930c
  relaton-iso (2.1.6) sha256=d554fb89ace28dcc2064c405251504b4dc7affdac8278c30fbed96aa1a89659e
  relaton-itu (2.1.2) sha256=ba43bc0aee7641cc1f111342b3a078a44a914cfb2df015e03a404645fa073a62
  relaton-jis (2.1.1) sha256=65ad04b76afb20846f3157fb44cfeb632310908840ff2288719b8adb0ef30e93
  relaton-logger (0.2.4) sha256=1494cc7330e6d654afcb825904361371010b1d83d13705314a10a147f7f53358
  relaton-nist (2.1.1) sha256=1420129e5bea4441b979ba743bfe5cc38aa442ca6af982407c660739335bc384
  relaton-oasis (2.1.2) sha256=a9baa56f6b6fb06069b2f169990895548d1332a349293c45fda1d333041444db
  relaton-ogc (2.1.1) sha256=b91f70404e108c2c7968dd523445336518eb416359fd61fcdf2e739a9827e5f0
  relaton-omg (2.1.0) sha256=796143a81394b6e9e52054fd56b00558c808fcc8dbc78cfc7cf2a8d2f0985589
  relaton-plateau (2.1.1) sha256=29cd98fb5296b6123a9e5f0d6477c3848935a1db92c3ed0f974c53ccc1e5bc61
  relaton-un (2.1.1) sha256=4e0a818d00e5d734b5b52a40e0e82f25870ce9ed27d6ea959cd3ef6318d0e865
  relaton-w3c (2.1.4) sha256=02dd71fb3126aa455edefec3aa84e21957f108c3ddae2eb986d0afff290a96a9
  relaton-xsf (2.1.1) sha256=fac02ec91f3557060781fcfdc2b5630c73285bab8c605bc9dcf50ba796271ebd
  reline (0.7.0) sha256=5b012d8e55dbf9d450f12bde2cf7d15ff546ae80b3f8f3b30e570d431815583d
  rexml (3.4.4) sha256=19e0a2c3425dfbf2d4fc1189747bdb2f849b6c5e74180401b15734bc97b5d142
  rfcxml (0.4.5) sha256=64e116de26cb5447bcd9132c4324844a55ce30dd033fd1e35ca08a9693c4ce02
  rspec (3.13.2) sha256=206284a08ad798e61f86d7ca3e376718d52c0bc944626b2349266f239f820587
  rspec-core (3.13.6) sha256=a8823c6411667b60a8bca135364351dda34cd55e44ff94c4be4633b37d828b2d
  rspec-expectations (3.13.5) sha256=33a4d3a1d95060aea4c94e9f237030a8f9eae5615e9bd85718fe3a09e4b58836
  rspec-mocks (3.13.8) sha256=086ad3d3d17533f4237643de0b5c42f04b66348c28bf6b9c2d3f4a3b01af1d47
  rspec-support (3.13.7) sha256=0640e5570872aafefd79867901deeeeb40b0c9875a36b983d85f54fb7381c47c
  ruby-ll (2.2.0) sha256=f8811ae1dfc77d6d95033a615aacb6ab8e93fb9f421fefe75107b077dc9ab588
  ruby2_keywords (0.0.5) sha256=ffd13740c573b7301cf7a2e61fc857b2a8e3d3aff32545d6f8300d8bae10e3ef
  rubyntlm (0.6.8) sha256=054aa45ffcae40db4020d3e41da41f40427aa8733181a2b87751f04ba53ca0d5
  rubyzip (2.3.2) sha256=3f57e3935dc2255c414484fbf8d673b4909d8a6a57007ed754dde39342d2373f
  scanf (1.0.0) sha256=533db7f7e5acafea1a145d6c5329cef667a58fbcb7d64379a808ff1199ee1b00
  securerandom (0.4.1) sha256=cc5193d414a4341b6e225f0cb4446aceca8e50d5e1888743fac16987638ea0b1
  shacl (0.4.3) sha256=5e907d384d9883edf96264866de788e3340976579944bc8e01e61b76189a7fb8
  sparql (3.3.2) sha256=20d73a62801fd6d03c834ca5012c11aaf6594ef536f554e92fd94bf9b3ed64dc
  sparql-client (3.3.0) sha256=71225eefad48dc2baab6b7008df8a9bcfffa833e5f25387dbe87ff52a5cad64e
  stringio (3.2.0) sha256=c37cb2e58b4ffbd33fe5cd948c05934af997b36e0b6ca6fdf43afa234cf222e1
  strscan (3.1.8) sha256=aae2db611a225559f21ffbb71765c9a4e60fd262534a9ea84f4f11c7f32f679e
  sts (0.5.7) sha256=9d9fbcc5f4fd65c6825505c1db000be6aa56f5aab0fa5dfaccb4bc38c29a6a19
  sxp (2.0.0) sha256=79971bbab54a82fe4a861332475eb8c1f33142d70f2b7e830dacbd9082824721
  table_tennis (0.0.7) sha256=b45b50dc7714e3bea5b31d2ad2b7d6bdc2995fc7a686976017c17424e1094a28
  tbx (0.1.2) sha256=9a5702410040af3604aa6b991c047eac485281648d9e9871ce708dc1de205fcb
  thor (1.5.0) sha256=e3a9e55fe857e44859ce104a84675ab6e8cd59c650a49106a05f55f136425e73
  time (0.4.2) sha256=f324e498c3bde9471d45a7d18f874c27980e9867aa5cfca61bebf52262bc3dab
  timeout (0.6.1) sha256=78f57368a7e7bbadec56971f78a3f5ecbcfb59b7fcbb0a3ed6ddc08a5094accb
  tzinfo (2.0.6) sha256=8daf828cc77bcf7d63b0e3bdb6caa47e2272dcfaf4fbfe46f8c3a9df087a829b
  unicode-display_width (3.3.0) sha256=4b7aa66a4b11db50f6f7e98411215cd0dd10eaecb665d36eec5bcacb3fa0b613
  unicode-emoji (4.3.0) sha256=11c02fa73290378c066bb0562cd4c87d8e1b706fbbe0059ca12746a4244de8ce
  unicode-name (1.15.1) sha256=b8f2e3ca14bc24799f84a4f74d43a3612d02a051700d88bc6ca8e3bd53cda3f6
  unicode-types (1.12.0) sha256=7e26a4352cecc2a50325a3793df834b732581ca9f25c5e29f46f3378934363f6
  unitsdb (2.2.4) sha256=ba95878db47338fe9355f59f2bd388e71e06b7a9c9d3bf890482fd3d76352869
  unitsml (0.6.8) sha256=e542cc068f8a5a74dda8d2c355f0e6f6247838c74369cf92546a4dd3a78ab52b
  uri (1.1.1) sha256=379fa58d27ffb1387eaada68c749d1426738bd0f654d812fcc07e7568f5c57c6
  w3c_api (0.3.3) sha256=5083fdfa83cec2269aa0a223ebac4e1f63e1d4c1e507f92d1f4e6809c1d38ae5
  webrick (1.9.2) sha256=beb4a15fc474defed24a3bda4ffd88a490d517c9e4e6118c3edce59e45864131
  webrobots (0.1.2) sha256=ebbcaa2cb4930fa1b83206f432c5cb64746507b2dcf50ea1301569a4d662cda6
  websocket-driver (0.8.2) sha256=97c556b019bf3410b4961002ac501621e9322d3f8a7bc02161a09301cc4c4146
  websocket-extensions (0.1.5) sha256=1c6ba63092cda343eb53fc657110c71c754c56484aad42578495227d717a8241
  yaml (0.4.0) sha256=240e69d1e6ce3584d6085978719a0faa6218ae426e034d8f9b02fb54d3471942
  yeptris (0.6.26.2) sha256=b198a1a85c9aafb145fea651ec229c82c8dcd1f98b74d0f79b8715abe49e887d
  yeptris (0.6.26.2-aarch64-linux) sha256=6ae523e54010114f0c24bc68976e4e5f747d3f80b9488b5813c62bf4ce07c8c2
  yeptris (0.6.26.2-aarch64-linux-musl) sha256=8528e6821a92897815fea97ca1ed3f30ce4a0797574dd0e078fa37de4c8fdb9c
  yeptris (0.6.26.2-arm-linux-eabihf) sha256=aa885740daedfb10995e2f7a5884c69b779146ca86e50dd8967c3cbde234c6c2
  yeptris (0.6.26.2-arm-linux-musleabihf) sha256=d324b76719cc8d222f114aeebfa6d832e267bfe618be5b6d4a4fef7512ac1891
  yeptris (0.6.26.2-arm64-darwin) sha256=5daf3d0ac1ea30c36e955055a786d5bcb87034facabe637d3e214b5b7f567020
  yeptris (0.6.26.2-x86_64-darwin) sha256=e94d45850d6b7944c84388bfcf6a415bff228525037ce9504fdf6557198188ce
  yeptris (0.6.26.2-x86_64-linux) sha256=a2a7a176fe195c6bbcb2e0b9b702fae3f5d97369c5de698192887c669fba5efe
  yeptris (0.6.26.2-x86_64-linux-musl) sha256=4c63f65340acab2feaa8f5e38c581f9fba3d7b450ded9cbeb482168580e0a8be

BUNDLED WITH
  4.0.14
